// !$*UTF8*$!
{
	archiveVersion = 1;
	classes = {
	};
	objectVersion = 46;
	objects = {

/* Begin PBXBuildFile section */
		9243BF2D1B39B3A8004CEB18 /* PlaygroundFramework.h in CopyFiles */ = {isa = PBXBuildFile; fileRef = 9243BF2C1B39B3A8004CEB18 /* PlaygroundFramework.h */; };
		9243BF2F1B39B3A8004CEB18 /* PlaygroundFramework.m in Sources */ = {isa = PBXBuildFile; fileRef = 9243BF2E1B39B3A8004CEB18 /* PlaygroundFramework.m */; };
		9243BF351B39B3A8004CEB18 /* libPlaygroundFramework.a in Frameworks */ = {isa = PBXBuildFile; fileRef = 9243BF291B39B3A8004CEB18 /* libPlaygroundFramework.a */; };
/* End PBXBuildFile section */

/* Begin PBXContainerItemProxy section */
		9243BF361B39B3A8004CEB18 /* PBXContainerItemProxy */ = {
			isa = PBXContainerItemProxy;
			containerPortal = 9243BF211B39B3A8004CEB18 /* Project object */;
			proxyType = 1;
			remoteGlobalIDString = 9243BF281B39B3A8004CEB18;
			remoteInfo = PlaygroundFramework;
		};
/* End PBXContainerItemProxy section */

/* Begin PBXCopyFilesBuildPhase section */
		9243BF271B39B3A8004CEB18 /* CopyFiles */ = {
			isa = PBXCopyFilesBuildPhase;
			buildActionMask = 2147483647;
			dstPath = "include/$(PRODUCT_NAME)";
			dstSubfolderSpec = 16;
			files = (
				9243BF2D1B39B3A8004CEB18 /* PlaygroundFramework.h in CopyFiles */,
			);
			runOnlyForDeploymentPostprocessing = 0;
		};
/* End PBXCopyFilesBuildPhase section */

/* Begin PBXFileReference section */
		9243BF291B39B3A8004CEB18 /* libPlaygroundFramework.a */ = {isa = PBXFileReference; explicitFileType = archive.ar; includeInIndex = 0; path = libPlaygroundFramework.a; sourceTree = BUILT_PRODUCTS_DIR; };
		9243BF2C1B39B3A8004CEB18 /* PlaygroundFramework.h */ = {isa = PBXFileReference; lastKnownFileType = sourcecode.c.h; path = PlaygroundFramework.h; sourceTree = "<group>"; };
		9243BF2E1B39B3A8004CEB18 /* PlaygroundFramework.m */ = {isa = PBXFileReference; lastKnownFileType = sourcecode.c.objc; path = PlaygroundFramework.m; sourceTree = "<group>"; };
		9243BF341B39B3A8004CEB18 /* PlaygroundFrameworkTests.xctest */ = {isa = PBXFileReference; explicitFileType = wrapper.cfbundle; includeInIndex = 0; path = PlaygroundFrameworkTests.xctest; sourceTree = BUILT_PRODUCTS_DIR; };
		9243BF3A1B39B3A8004CEB18 /* Info.plist */ = {isa = PBXFileReference; lastKnownFileType = text.plist.xml; path = Info.plist; sourceTree = "<group>"; };
/* End PBXFileReference section */

/* Begin PBXFrameworksBuildPhase section */
		9243BF261B39B3A8004CEB18 /* Frameworks */ = {
			isa = PBXFrameworksBuildPhase;
			buildActionMask = 2147483647;
			files = (
			);
			runOnlyForDeploymentPostprocessing = 0;
		};
		9243BF311B39B3A8004CEB18 /* Frameworks */ = {
			isa = PBXFrameworksBuildPhase;
			buildActionMask = 2147483647;
			files = (
				9243BF351B39B3A8004CEB18 /* libPlaygroundFramework.a in Frameworks */,
			);
			runOnlyForDeploymentPostprocessing = 0;
		};
/* End PBXFrameworksBuildPhase section */

/* Begin PBXGroup section */
		9243BF201B39B3A8004CEB18 = {
			isa = PBXGroup;
			children = (
				9243BF2B1B39B3A8004CEB18 /* PlaygroundFramework */,
				9243BF381B39B3A8004CEB18 /* PlaygroundFrameworkTests */,
				9243BF2A1B39B3A8004CEB18 /* Products */,
			);
			sourceTree = "<group>";
		};
		9243BF2A1B39B3A8004CEB18 /* Products */ = {
			isa = PBXGroup;
			children = (
				9243BF291B39B3A8004CEB18 /* libPlaygroundFramework.a */,
				9243BF341B39B3A8004CEB18 /* PlaygroundFrameworkTests.xctest */,
			);
			name = Products;
			sourceTree = "<group>";
		};
		9243BF2B1B39B3A8004CEB18 /* PlaygroundFramework */ = {
			isa = PBXGroup;
			children = (
				9243BF2C1B39B3A8004CEB18 /* PlaygroundFramework.h */,
				9243BF2E1B39B3A8004CEB18 /* PlaygroundFramework.m */,
			);
			path = PlaygroundFramework;
			sourceTree = "<group>";
		};
		9243BF381B39B3A8004CEB18 /* PlaygroundFrameworkTests */ = {
			isa = PBXGroup;
			children = (
				9243BF391B39B3A8004CEB18 /* Supporting Files */,
			);
			path = PlaygroundFrameworkTests;
			sourceTree = "<group>";
		};
		9243BF391B39B3A8004CEB18 /* Supporting Files */ = {
			isa = PBXGroup;
			children = (
				9243BF3A1B39B3A8004CEB18 /* Info.plist */,
			);
			name = "Supporting Files";
			sourceTree = "<group>";
		};
/* End PBXGroup section */

/* Begin PBXNativeTarget section */
		9243BF281B39B3A8004CEB18 /* PlaygroundFramework */ = {
			isa = PBXNativeTarget;
			buildConfigurationList = 9243BF3D1B39B3A8004CEB18 /* Build configuration list for PBXNativeTarget "PlaygroundFramework" */;
			buildPhases = (
				9243BF251B39B3A8004CEB18 /* Sources */,
				9243BF261B39B3A8004CEB18 /* Frameworks */,
				9243BF271B39B3A8004CEB18 /* CopyFiles */,
			);
			buildRules = (
			);
			dependencies = (
			);
			name = PlaygroundFramework;
			productName = PlaygroundFramework;
			productReference = 9243BF291B39B3A8004CEB18 /* libPlaygroundFramework.a */;
			productType = "com.apple.product-type.library.static";
		};
		9243BF331B39B3A8004CEB18 /* PlaygroundFrameworkTests */ = {
			isa = PBXNativeTarget;
			buildConfigurationList = 9243BF401B39B3A8004CEB18 /* Build configuration list for PBXNativeTarget "PlaygroundFrameworkTests" */;
			buildPhases = (
				9243BF301B39B3A8004CEB18 /* Sources */,
				9243BF311B39B3A8004CEB18 /* Frameworks */,
				9243BF321B39B3A8004CEB18 /* Resources */,
			);
			buildRules = (
			);
			dependencies = (
				9243BF371B39B3A8004CEB18 /* PBXTargetDependency */,
			);
			name = PlaygroundFrameworkTests;
			productName = PlaygroundFrameworkTests;
			productReference = 9243BF341B39B3A8004CEB18 /* PlaygroundFrameworkTests.xctest */;
			productType = "com.apple.product-type.bundle.unit-test";
		};
/* End PBXNativeTarget section */

/* Begin PBXProject section */
		9243BF211B39B3A8004CEB18 /* Project object */ = {
			isa = PBXProject;
			attributes = {
				LastUpgradeCheck = 0630;
				ORGANIZATIONNAME = "Raz Elkayam";
				TargetAttributes = {
					9243BF281B39B3A8004CEB18 = {
						CreatedOnToolsVersion = 6.3.2;
					};
					9243BF331B39B3A8004CEB18 = {
						CreatedOnToolsVersion = 6.3.2;
					};
				};
			};
			buildConfigurationList = 9243BF241B39B3A8004CEB18 /* Build configuration list for PBXProject "PlaygroundFramework" */;
			compatibilityVersion = "Xcode 3.2";
			developmentRegion = English;
			hasScannedForEncodings = 0;
			knownRegions = (
				en,
			);
			mainGroup = 9243BF201B39B3A8004CEB18;
			productRefGroup = 9243BF2A1B39B3A8004CEB18 /* Products */;
			projectDirPath = "";
			projectRoot = "";
			targets = (
				9243BF281B39B3A8004CEB18 /* PlaygroundFramework */,
				9243BF331B39B3A8004CEB18 /* PlaygroundFrameworkTests */,
			);
		};
/* End PBXProject section */

/* Begin PBXResourcesBuildPhase section */
		9243BF321B39B3A8004CEB18 /* Resources */ = {
			isa = PBXResourcesBuildPhase;
			buildActionMask = 2147483647;
			files = (
			);
			runOnlyForDeploymentPostprocessing = 0;
		};
/* End PBXResourcesBuildPhase section */

/* Begin PBXSourcesBuildPhase section */
		9243BF251B39B3A8004CEB18 /* Sources */ = {
			isa = PBXSourcesBuildPhase;
			buildActionMask = 2147483647;
			files = (
				9243BF2F1B39B3A8004CEB18 /* PlaygroundFramework.m in Sources */,
			);
			runOnlyForDeploymentPostprocessing = 0;
		};
		9243BF301B39B3A8004CEB18 /* Sources */ = {
			isa = PBXSourcesBuildPhase;
			buildActionMask = 2147483647;
			files = (
			);
			runOnlyForDeploymentPostprocessing = 0;
		};
/* End PBXSourcesBuildPhase section */

/* Begin PBXTargetDependency section */
		9243BF371B39B3A8004CEB18 /* PBXTargetDependency */ = {
			isa = PBXTargetDependency;
			target = 9243BF281B39B3A8004CEB18 /* PlaygroundFramework */;
			targetProxy = 9243BF361B39B3A8004CEB18 /* PBXContainerItemProxy */;
		};
/* End PBXTargetDependency section */

/* Begin XCBuildConfiguration section */
		9243BF3B1B39B3A8004CEB18 /* Debug */ = {
			isa = XCBuildConfiguration;
			buildSettings = {
				ALWAYS_SEARCH_USER_PATHS = NO;
				CLANG_CXX_LANGUAGE_STANDARD = "gnu++0x";
				CLANG_CXX_LIBRARY = "libc++";
				CLANG_ENABLE_MODULES = YES;
				CLANG_ENABLE_OBJC_ARC = YES;
				CLANG_WARN_BOOL_CONVERSION = YES;
				CLANG_WARN_CONSTANT_CONVERSION = YES;
				CLANG_WARN_DIRECT_OBJC_ISA_USAGE = YES_ERROR;
				CLANG_WARN_EMPTY_BODY = YES;
				CLANG_WARN_ENUM_CONVERSION = YES;
				CLANG_WARN_INT_CONVERSION = YES;
				CLANG_WARN_OBJC_ROOT_CLASS = YES_ERROR;
				CLANG_WARN_UNREACHABLE_CODE = YES;
				CLANG_WARN__DUPLICATE_METHOD_MATCH = YES;
				COPY_PHASE_STRIP = NO;
				DEBUG_INFORMATION_FORMAT = "dwarf-with-dsym";
				ENABLE_STRICT_OBJC_MSGSEND = YES;
				GCC_C_LANGUAGE_STANDARD = gnu99;
				GCC_DYNAMIC_NO_PIC = NO;
				GCC_NO_COMMON_BLOCKS = YES;
				GCC_OPTIMIZATION_LEVEL = 0;
				GCC_PREPROCESSOR_DEFINITIONS = (
					"DEBUG=1",
					"$(inherited)",
				);
				GCC_SYMBOLS_PRIVATE_EXTERN = NO;
				GCC_WARN_64_TO_32_BIT_CONVERSION = YES;
				GCC_WARN_ABOUT_RETURN_TYPE = YES_ERROR;
				GCC_WARN_UNDECLARED_SELECTOR = YES;
				GCC_WARN_UNINITIALIZED_AUTOS = YES_AGGRESSIVE;
				GCC_WARN_UNUSED_FUNCTION = YES;
				GCC_WARN_UNUSED_VARIABLE = YES;
				IPHONEOS_DEPLOYMENT_TARGET = 8.3;
				MTL_ENABLE_DEBUG_INFO = YES;
				ONLY_ACTIVE_ARCH = YES;
				SDKROOT = iphoneos;
			};
			name = Debug;
		};
		9243BF3C1B39B3A8004CEB18 /* Release */ = {
			isa = XCBuildConfiguration;
			buildSettings = {
				ALWAYS_SEARCH_USER_PATHS = NO;
				CLANG_CXX_LANGUAGE_STANDARD = "gnu++0x";
				CLANG_CXX_LIBRARY = "libc++";
				CLANG_ENABLE_MODULES = YES;
				CLANG_ENABLE_OBJC_ARC = YES;
				CLANG_WARN_BOOL_CONVERSION = YES;
				CLANG_WARN_CONSTANT_CONVERSION = YES;
				CLANG_WARN_DIRECT_OBJC_ISA_USAGE = YES_ERROR;
				CLANG_WARN_EMPTY_BODY = YES;
				CLANG_WARN_ENUM_CONVERSION = YES;
				CLANG_WARN_INT_CONVERSION = YES;
				CLANG_WARN_OBJC_ROOT_CLASS = YES_ERROR;
				CLANG_WARN_UNREACHABLE_CODE = YES;
				CLANG_WARN__DUPLICATE_METHOD_MATCH = YES;
				COPY_PHASE_STRIP = NO;
				DEBUG_INFORMATION_FORMAT = "dwarf-with-dsym";
				ENABLE_NS_ASSERTIONS = NO;
				ENABLE_STRICT_OBJC_MSGSEND = YES;
				GCC_C_LANGUAGE_STANDARD = gnu99;
				GCC_NO_COMMON_BLOCKS = YES;
				GCC_WARN_64_TO_32_BIT_CONVERSION = YES;
				GCC_WARN_ABOUT_RETURN_TYPE = YES_ERROR;
				GCC_WARN_UNDECLARED_SELECTOR = YES;
				GCC_WARN_UNINITIALIZED_AUTOS = YES_AGGRESSIVE;
				GCC_WARN_UNUSED_FUNCTION = YES;
				GCC_WARN_UNUSED_VARIABLE = YES;
				IPHONEOS_DEPLOYMENT_TARGET = 8.3;
				MTL_ENABLE_DEBUG_INFO = NO;
				SDKROOT = iphoneos;
				VALIDATE_PRODUCT = YES;
			};
			name = Release;
		};
		9243BF3E1B39B3A8004CEB18 /* Debug */ = {
			isa = XCBuildConfiguration;
			buildSettings = {
				OTHER_LDFLAGS = "-ObjC";
				PRODUCT_NAME = "$(TARGET_NAME)";
				SKIP_INSTALL = YES;
			};
			name = Debug;
		};
		9243BF3F1B39B3A8004CEB18 /* Release */ = {
			isa = XCBuildConfiguration;
			buildSettings = {
				OTHER_LDFLAGS = "-ObjC";
				PRODUCT_NAME = "$(TARGET_NAME)";
				SKIP_INSTALL = YES;
			};
			name = Release;
		};
		9243BF411B39B3A8004CEB18 /* Debug */ = {
			isa = XCBuildConfiguration;
			buildSettings = {
				"CODE_SIGN_IDENTITY[sdk=iphoneos*]" = "iPhone Developer";
				FRAMEWORK_SEARCH_PATHS = (
					"$(SDKROOT)/Developer/Library/Frameworks",
					"$(inherited)",
				);
				GCC_PREPROCESSOR_DEFINITIONS = (
					"DEBUG=1",
					"$(inherited)",
				);
				INFOPLIST_FILE = PlaygroundFrameworkTests/Info.plist;
				LD_RUNPATH_SEARCH_PATHS = "$(inherited) @executable_path/Frameworks @loader_path/Frameworks";
				PRODUCT_NAME = "$(TARGET_NAME)";
			};
			name = Debug;
		};
		9243BF421B39B3A8004CEB18 /* Release */ = {
			isa = XCBuildConfiguration;
			buildSettings = {
				"CODE_SIGN_IDENTITY[sdk=iphoneos*]" = "iPhone Developer";
				FRAMEWORK_SEARCH_PATHS = (
					"$(SDKROOT)/Developer/Library/Frameworks",
					"$(inherited)",
				);
				INFOPLIST_FILE = PlaygroundFrameworkTests/Info.plist;
				LD_RUNPATH_SEARCH_PATHS = "$(inherited) @executable_path/Frameworks @loader_path/Frameworks";
				PRODUCT_NAME = "$(TARGET_NAME)";
			};
			name = Release;
		};
/* End XCBuildConfiguration section */

/* Begin XCConfigurationList section */
		9243BF241B39B3A8004CEB18 /* Build configuration list for PBXProject "PlaygroundFramework" */ = {
			isa = XCConfigurationList;
			buildConfigurations = (
				9243BF3B1B39B3A8004CEB18 /* Debug */,
				9243BF3C1B39B3A8004CEB18 /* Release */,
			);
			defaultConfigurationIsVisible = 0;
			defaultConfigurationName = Release;
		};
		9243BF3D1B39B3A8004CEB18 /* Build configuration list for PBXNativeTarget "PlaygroundFramework" */ = {
			isa = XCConfigurationList;
			buildConfigurations = (
				9243BF3E1B39B3A8004CEB18 /* Debug */,
				9243BF3F1B39B3A8004CEB18 /* Release */,
			);
			defaultConfigurationIsVisible = 0;
		};
		9243BF401B39B3A8004CEB18 /* Build configuration list for PBXNativeTarget "PlaygroundFrameworkTests" */ = {
			isa = XCConfigurationList;
			buildConfigurations = (
				9243BF411B39B3A8004CEB18 /* Debug */,
				9243BF421B39B3A8004CEB18 /* Release */,
			);
			defaultConfigurationIsVisible = 0;
		};
/* End XCConfigurationList section */
	};
	rootObject = 9243BF211B39B3A8004CEB18 /* Project object */;
}
